github.com/Azure/azure-sdk-for-go v17.3.0+incompatible h1:nqEYjEHXIhK5OFuL89uCoxsGgyXHgsUew6/fZhaAZ58=
github.com/Azure/azure-sdk-for-go v17.3.0+incompatible/go.mod h1:9XXNKU+eRnpl9moKnB4QOLf1HestfXbmab5FXxiDBjc=
github.com/Azure/go-autorest v10.10.0+incompatible h1:GI/runesOi4mEFRpqOGnI+0lVUoqd8uvGrB821FgzvQ=
github.com/Azure/go-autorest v10.10.0+incompatible/go.mod h1:r+4oMnoxhatjLLJ6zxSWATqVooLgysK6ZNox3g/xq24=
github.com/JamesClonk/vultr v0.0.0-20170318121404-abaa6c05a3ff h1:ISTa2xMkdqwJ3z8dROp3cczMxnqNnTh+m6GaF9sk5M8=
github.com/JamesClonk/vultr v0.0.0-20170318121404-abaa6c05a3ff/go.mod h1:k9Jhe7M4bxsOOTMtsXQ0Hj7R7vw0FW4Q4jVJrPis9a8=
github.com/Sirupsen/logrus v1.0.5 h1:447dy9LxSj+Iaa2uN3yoFHOzU9yJcJYiQPtNz8OXtv0=
github.com/Sirupsen/logrus v1.0.5/go.mod h1:rmk17hk6i8ZSAJkSDa7nOxamrG+SP4P0mm+DAvExv4U=
github.com/aws/aws-sdk-go v1.14.3 h1:iuoJYKdzAeAlmV66pWra30LUgKYmDWbS5SMzC8wkoBY=
github.com/aws/aws-sdk-go v1.14.3/go.mod h1:ZRmQr0FajVIyZ4ZzBYKG5P3ZqPz9IHG41ZoMu1ADI3k=
github.com/dgrijalva/jwt-go v0.0.0-20170508165458-6c8dedd55f8a h1:MuHMeSsXbNEeUyxjB7T9P8s1+5k8OLTC/M27qsVwixM=
github.com/dgrijalva/jwt-go v0.0.0-20170508165458-6c8dedd55f8a/go.mod h1:E3ru+11k8xSBh+hMPgOLZmtrrCbhqsmaPHjLKYnJCaQ=
github.com/dnsimple/dnsimple-go v0.0.0-20170329154101-5a5b427618a7 h1:1qatcSP9vzinf6a6BmQQBjhBLPN293Gn3/F3SwZg3/o=
github.com/dnsimple/dnsimple-go v0.0.0-20170329154101-5a5b427618a7/go.mod h1:0FYu4qVNv/UcfZPNwa9zi68IkggJu3TIwM54D7rhmI4=
github.com/edeckers/auroradnsclient v1.0.1 h1:d0tpRlpLzSwS/qWmoc7n5jvTaBiC+QkBvfaHAncctaE=
github.com/edeckers/auroradnsclient v1.0.1/go.mod h1:DfnGuII5MpjHzl0Vg5+2kNBr+95TU2w4wYv3IznTYOg=
github.com/go-ini/ini v1.27.0 h1:NZxJFHRR+/icTJIuCQTo3UfYs3N1TRnWeNdiT7BLOjk=
github.com/go-ini/ini v1.27.0/go.mod h1:ByCAeIL28uOIIG0E3PJtZPDL8WnHpFKFOtgjp+3Ies8=
github.com/google/go-querystring v0.0.0-20170111101155-53e6ce116135 h1:zLTLjkaOFEFIOxY5BWLFLwh+cL8vOBW4XJ2aqLE/Tf0=
github.com/google/go-querystring v0.0.0-20170111101155-53e6ce116135/go.mod h1:odCYkC5MyYFN7vkCjXpyrEuKhc/BUO6wN/zVPAxq5ck=
github.com/gorilla/websocket v0.0.0-20170319172727-a91eba7f9777 h1:JIM+OacoOJRU30xpjMf8sulYqjr0ViA3WDrTX6j/yDI=
github.com/gorilla/websocket v0.0.0-20170319172727-a91eba7f9777/go.mod h1:E7qHFY5m1UJ88s3WnNqhKjPHQ0heANvMoAMk2YaljkQ=
github.com/jmespath/go-jmespath v0.0.0-20160803190731-bd40a432e4c7 h1:SMvOWPJCES2GdFracYbBQh93GXac8fq7HeN6JnpduB8=
github.com/jmespath/go-jmespath v0.0.0-20160803190731-bd40a432e4c7/go.mod h1:Nht3zPeWKUH0NzdCt2Blrr5ys8VGpn0CEB0cQHVjt7k=
github.com/juju/ratelimit v0.0.0-20151125201925-77ed1c8a0121 h1:tK7/W+/VbVcqFcQzl3qMnrc/z3h/XOBIrJ9e/cv5hx4=
github.com/juju/ratelimit v0.0.0-20151125201925-77ed1c8a0121/go.mod h1:qapgC/Gy+xNh9UxzV13HGGl/6UXNN+ct+vwSgWNm/qk=
github.com/miekg/dns v0.0.0-20170501152613-f282f80e243c h1:BLwcE9pOuxj6C341hTjJskbb2gUzwLz8+IX+Z2sed34=
github.com/miekg/dns v0.0.0-20170501152613-f282f80e243c/go.mod h1:W1PPwlIAgtquWBMBEV9nkV9Cazfe8ScdGz/Lj7v3Nrg=
github.com/ovh/go-ovh v0.0.0-20170102120521-d2207178e10e h1:IYeQjBVva/fwpU8xcLa4TUvHPWYiL1FfIQx4v7n55nc=
github.com/ovh/go-ovh v0.0.0-20170102120521-d2207178e10e/go.mod h1:joRatxRJaZBsY3JAOEMcoOp05CnZzsx4scTxi95DHyQ=
github.com/pkg/errors v0.0.0-20170505043639-c605e284fe17 h1:chPfVn+gpAM5CTpTyVU9j8J+xgRGwmoDlNDLjKnJiYo=
github.com/pkg/errors v0.0.0-20170505043639-c605e284fe17/go.mod h1:bwawxfHBFNV+L2hUp1rHADufV3IMtnDRdf1r5NINEl0=
github.com/rancher/go-rancher v0.0.0-20170321205521-939fd85e3c7f h1:sGa5AM6dQUx++NKoo+gUVY02LIOhqookaXwoo7Py24g=
github.com/rancher/go-rancher v0.0.0-20170321205521-939fd85e3c7f/go.mod h1:7oQvGNiJsGvrUgB+7AH8bmdzuR0uhULfwKb43Ht0hUk=
github.com/xenolf/lego v0.0.0-20180603182301-7fedfd1388f0 h1:tk1Ge5Y1+eUwcHzCHQ96YCWM0aCgssGCdhiVV72k+38=
github.com/xenolf/lego v0.0.0-20180603182301-7fedfd1388f0/go.mod h1:fwiGnfsIjG7OHPfOvgK7Y/Qo6+2Ox0iozjNTkZICKbY=
golang.org/x/crypto v0.0.0-20170512130425-ab89591268e0 h1:Kv0JVjoWyBVkLETNHnV/PxoZcMP3J7+WTc6+QQnzZmY=
golang.org/x/crypto v0.0.0-20170512130425-ab89591268e0/go.mod h1:6SG95UA2DQfeDnfUPMdvaQW0Q7yPrPDi9nlGo2tz2b4=
golang.org/x/sys v0.0.0-20170512181032-f845067cf72a h1:gyOXZgQdhRsQsExbAdu8mj7Rzw3D29rI02UMfcvq1o4=
golang.org/x/sys v0.0.0-20170512181032-f845067cf72a/go.mod h1:STP8DvDyc/dI5b8T5hshtkjS+E42TnysNCUPdjciGhY=
gopkg.in/ini.v1 v1.27.0 h1:E8RxAiE5xPTkqtuxj6LoAgRrBzWtU7TTbWojGxuv1Y4=
gopkg.in/ini.v1 v1.27.0/go.mod h1:pNLf8WUiyNEtQjuu5G5vTm06TEv9tsIgeAvK8hOrP4k=
gopkg.in/ns1/ns1-go.v2 v2.0.0-20170502175150-c563826f4cbe h1:fuu3vZ8C6O8mk8Ich8YfkDv/Zpnx1HUotQk8JocBcSw=
gopkg.in/ns1/ns1-go.v2 v2.0.0-20170502175150-c563826f4cbe/go.mod h1:VV+3haRsgDiVLxyifmMBrBIuCWFBPYKbRssXB9z67Hw=
gopkg.in/square/go-jose.v2 v2.1.6 h1:oB3Nsrhs3CNwP1t2WZ/eGtjH8BQhmcGx3zD8Lla+NjA=
gopkg.in/square/go-jose.v2 v2.1.6/go.mod h1:M9dMgbHiYLoDGQrXy7OpJDJWiKiU//h+vD76mk0e1AI=
